
Microsoft Visual Studio Solution File, Format Version 12.00
# Visual Studio Version 17
VisualStudioVersion = 17.5.002.0
MinimumVisualStudioVersion = 10.0.40219.1
Project("{9A19103F-16F7-4668-BE54-9A1E7A4F7556}") = "AbsolCase", "AbsolCase.csproj", "{BAA22D99-52A3-43BC-860D-631BBAEE8943}"
EndProject
Global
	GlobalSection(SolutionConfigurationPlatforms) = preSolution
		Debug|Any CPU = Debug|Any CPU
		Release|Any CPU = Release|Any CPU
	EndGlobalSection
	GlobalSection(ProjectConfigurationPlatforms) = postSolution
		{BAA22D99-52A3-43BC-860D-631BBAEE8943}.Debug|Any CPU.ActiveCfg = Debug|Any CPU
		{BAA22D99-52A3-43BC-860D-631BBAEE8943}.Debug|Any CPU.Build.0 = Debug|Any CPU
		{BAA22D99-52A3-43BC-860D-631BBAEE8943}.Release|Any CPU.ActiveCfg = Release|Any CPU
		{BAA22D99-52A3-43BC-860D-631BBAEE8943}.Release|Any CPU.Build.0 = Release|Any CPU
	EndGlobalSection
	GlobalSection(SolutionProperties) = preSolution
		HideSolutionNode = FALSE
	EndGlobalSection
	GlobalSection(ExtensibilityGlobals) = postSolution
		SolutionGuid = {856C1BA4-64FF-4846-94EC-B27A1AA41146}
	EndGlobalSection
EndGlobal
